
Microsoft Visual Studio Solution File, Format Version 11.00
# Visual Studio 2010
Project("{FAE04EC0-301F-11D3-BF4B-00C04F79EFBC}") = "NCacheFacade", "NCacheFacade\NCacheFacade.csproj", "{AE284BBB-F5CB-4255-8769-E90E56E8CB8B}"
EndProject
Project("{FAE04EC0-301F-11D3-BF4B-00C04F79EFBC}") = "NCacheFacade.Aop", "NCacheFacade.Aop\NCacheFacade.Aop.csproj", "{E4771D64-AFAF-43D0-B42C-C0E19DFC9748}"
EndProject
Global
	GlobalSection(SolutionConfigurationPlatforms) = preSolution
		Debug|Any CPU = Debug|Any CPU
		Release|Any CPU = Release|Any CPU
		Staging|Any CPU = Staging|Any CPU
	EndGlobalSection
	GlobalSection(ProjectConfigurationPlatforms) = postSolution
		{AE284BBB-F5CB-4255-8769-E90E56E8CB8B}.Debug|Any CPU.ActiveCfg = Debug|Any CPU
		{AE284BBB-F5CB-4255-8769-E90E56E8CB8B}.Debug|Any CPU.Build.0 = Debug|Any CPU
		{AE284BBB-F5CB-4255-8769-E90E56E8CB8B}.Release|Any CPU.ActiveCfg = Release|Any CPU
		{AE284BBB-F5CB-4255-8769-E90E56E8CB8B}.Release|Any CPU.Build.0 = Release|Any CPU
		{AE284BBB-F5CB-4255-8769-E90E56E8CB8B}.Staging|Any CPU.ActiveCfg = Staging|Any CPU
		{AE284BBB-F5CB-4255-8769-E90E56E8CB8B}.Staging|Any CPU.Build.0 = Staging|Any CPU
		{E4771D64-AFAF-43D0-B42C-C0E19DFC9748}.Debug|Any CPU.ActiveCfg = Debug|Any CPU
		{E4771D64-AFAF-43D0-B42C-C0E19DFC9748}.Debug|Any CPU.Build.0 = Debug|Any CPU
		{E4771D64-AFAF-43D0-B42C-C0E19DFC9748}.Release|Any CPU.ActiveCfg = Release|Any CPU
		{E4771D64-AFAF-43D0-B42C-C0E19DFC9748}.Release|Any CPU.Build.0 = Release|Any CPU
		{E4771D64-AFAF-43D0-B42C-C0E19DFC9748}.Staging|Any CPU.ActiveCfg = Release|Any CPU
		{E4771D64-AFAF-43D0-B42C-C0E19DFC9748}.Staging|Any CPU.Build.0 = Release|Any CPU
	EndGlobalSection
	GlobalSection(SolutionProperties) = preSolution
		HideSolutionNode = FALSE
	EndGlobalSection
EndGlobal
